
Microsoft Visual Studio Solution File, Format Version 12.00
# Visual Studio Version 16
VisualStudioVersion = 16.0.31911.196
MinimumVisualStudioVersion = 10.0.40219.1
Project("{FAE04EC0-301F-11D3-BF4B-00C04F79EFBC}") = "Apuntesclase", "Apuntesclase\Apuntesclase.csproj", "{8E5D4978-4DB1-41AD-96F3-1A0C8E55E982}"
EndProject
Global
	GlobalSection(SolutionConfigurationPlatforms) = preSolution
		Debug|Any CPU = Debug|Any CPU
		Release|Any CPU = Release|Any CPU
	EndGlobalSection
	GlobalSection(ProjectConfigurationPlatforms) = postSolution
		{8E5D4978-4DB1-41AD-96F3-1A0C8E55E982}.Debug|Any CPU.ActiveCfg = Debug|Any CPU
		{8E5D4978-4DB1-41AD-96F3-1A0C8E55E982}.Debug|Any CPU.Build.0 = Debug|Any CPU
		{8E5D4978-4DB1-41AD-96F3-1A0C8E55E982}.Release|Any CPU.ActiveCfg = Release|Any CPU
		{8E5D4978-4DB1-41AD-96F3-1A0C8E55E982}.Release|Any CPU.Build.0 = Release|Any CPU
	EndGlobalSection
	GlobalSection(SolutionProperties) = preSolution
		HideSolutionNode = FALSE
	EndGlobalSection
	GlobalSection(ExtensibilityGlobals) = postSolution
		SolutionGuid = {25941E83-C276-43EC-AB66-82C449B19014}
	EndGlobalSection
EndGlobal
